
Microsoft Visual Studio Solution File, Format Version 12.00
# Visual Studio Version 17
VisualStudioVersion = 17.2.32516.85
MinimumVisualStudioVersion = 10.0.40219.1
Project("{FAE04EC0-301F-11D3-BF4B-00C04F79EFBC}") = "eTickets", "eTickets\eTickets.csproj", "{46D455B6-8579-42E8-B946-3359AEED06BD}"
EndProject
Global
	GlobalSection(SolutionConfigurationPlatforms) = preSolution
		Debug|Any CPU = Debug|Any CPU
		Release|Any CPU = Release|Any CPU
	EndGlobalSection
	GlobalSection(ProjectConfigurationPlatforms) = postSolution
		{46D455B6-8579-42E8-B946-3359AEED06BD}.Debug|Any CPU.ActiveCfg = Debug|Any CPU
		{46D455B6-8579-42E8-B946-3359AEED06BD}.Debug|Any CPU.Build.0 = Debug|Any CPU
		{46D455B6-8579-42E8-B946-3359AEED06BD}.Release|Any CPU.ActiveCfg = Release|Any CPU
		{46D455B6-8579-42E8-B946-3359AEED06BD}.Release|Any CPU.Build.0 = Release|Any CPU
	EndGlobalSection
	GlobalSection(SolutionProperties) = preSolution
		HideSolutionNode = FALSE
	EndGlobalSection
	GlobalSection(ExtensibilityGlobals) = postSolution
		SolutionGuid = {1DB965F5-3858-4E8D-864F-EC342D1C5A2F}
	EndGlobalSection
EndGlobal
